// !$*UTF8*$!
{
	archiveVersion = 1;
	classes = {
	};
	objectVersion = 46;
	objects = {

/* Begin PBXBuildFile section */
		04EEF3EB1F8DEC8E00478B1B /* AppDelegate.swift in Sources */ = {isa = PBXBuildFile; fileRef = 04EEF3EA1F8DEC8E00478B1B /* AppDelegate.swift */; };
		04EEF3ED1F8DEC8E00478B1B /* ViewController.swift in Sources */ = {isa = PBXBuildFile; fileRef = 04EEF3EC1F8DEC8E00478B1B /* ViewController.swift */; };
		04EEF3F01F8DEC8E00478B1B /* Main.storyboard in Resources */ = {isa = PBXBuildFile; fileRef = 04EEF3EE1F8DEC8E00478B1B /* Main.storyboard */; };
		04EEF3F21F8DEC8E00478B1B /* Assets.xcassets in Resources */ = {isa = PBXBuildFile; fileRef = 04EEF3F11F8DEC8E00478B1B /* Assets.xcassets */; };
		04EEF3F51F8DEC8E00478B1B /* LaunchScreen.storyboard in Resources */ = {isa = PBXBuildFile; fileRef = 04EEF3F31F8DEC8E00478B1B /* LaunchScreen.storyboard */; };
		04EEF4001F8DEC8E00478B1B /* browserTests.swift in Sources */ = {isa = PBXBuildFile; fileRef = 04EEF3FF1F8DEC8E00478B1B /* browserTests.swift */; };
		04EEF40B1F8DEC8E00478B1B /* browserUITests.swift in Sources */ = {isa = PBXBuildFile; fileRef = 04EEF40A1F8DEC8E00478B1B /* browserUITests.swift */; };
/* End PBXBuildFile section */

/* Begin PBXContainerItemProxy section */
		04EEF3FC1F8DEC8E00478B1B /* PBXContainerItemProxy */ = {
			isa = PBXContainerItemProxy;
			containerPortal = 04EEF3DF1F8DEC8E00478B1B /* Project object */;
			proxyType = 1;
			remoteGlobalIDString = 04EEF3E61F8DEC8E00478B1B;
			remoteInfo = browser;
		};
		04EEF4071F8DEC8E00478B1B /* PBXContainerItemProxy */ = {
			isa = PBXContainerItemProxy;
			containerPortal = 04EEF3DF1F8DEC8E00478B1B /* Project object */;
			proxyType = 1;
			remoteGlobalIDString = 04EEF3E61F8DEC8E00478B1B;
			remoteInfo = browser;
		};
/* End PBXContainerItemProxy section */

/* Begin PBXFileReference section */
		04EEF3E71F8DEC8E00478B1B /* browser.app */ = {isa = PBXFileReference; explicitFileType = wrapper.application; includeInIndex = 0; path = browser.app; sourceTree = BUILT_PRODUCTS_DIR; };
		04EEF3EA1F8DEC8E00478B1B /* AppDelegate.swift */ = {isa = PBXFileReference; lastKnownFileType = sourcecode.swift; path = AppDelegate.swift; sourceTree = "<group>"; };
		04EEF3EC1F8DEC8E00478B1B /* ViewController.swift */ = {isa = PBXFileReference; lastKnownFileType = sourcecode.swift; path = ViewController.swift; sourceTree = "<group>"; };
		04EEF3EF1F8DEC8E00478B1B /* Base */ = {isa = PBXFileReference; lastKnownFileType = file.storyboard; name = Base; path = Base.lproj/Main.storyboard; sourceTree = "<group>"; };
		04EEF3F11F8DEC8E00478B1B /* Assets.xcassets */ = {isa = PBXFileReference; lastKnownFileType = folder.assetcatalog; path = Assets.xcassets; sourceTree = "<group>"; };
		04EEF3F41F8DEC8E00478B1B /* Base */ = {isa = PBXFileReference; lastKnownFileType = file.storyboard; name = Base; path = Base.lproj/LaunchScreen.storyboard; sourceTree = "<group>"; };
		04EEF3F61F8DEC8E00478B1B /* Info.plist */ = {isa = PBXFileReference; lastKnownFileType = text.plist.xml; path = Info.plist; sourceTree = "<group>"; };
		04EEF3FB1F8DEC8E00478B1B /* browserTests.xctest */ = {isa = PBXFileReference; explicitFileType = wrapper.cfbundle; includeInIndex = 0; path = browserTests.xctest; sourceTree = BUILT_PRODUCTS_DIR; };
		04EEF3FF1F8DEC8E00478B1B /* browserTests.swift */ = {isa = PBXFileReference; lastKnownFileType = sourcecode.swift; path = browserTests.swift; sourceTree = "<group>"; };
		04EEF4011F8DEC8E00478B1B /* Info.plist */ = {isa = PBXFileReference; lastKnownFileType = text.plist.xml; path = Info.plist; sourceTree = "<group>"; };
		04EEF4061F8DEC8E00478B1B /* browserUITests.xctest */ = {isa = PBXFileReference; explicitFileType = wrapper.cfbundle; includeInIndex = 0; path = browserUITests.xctest; sourceTree = BUILT_PRODUCTS_DIR; };
		04EEF40A1F8DEC8E00478B1B /* browserUITests.swift */ = {isa = PBXFileReference; lastKnownFileType = sourcecode.swift; path = browserUITests.swift; sourceTree = "<group>"; };
		04EEF40C1F8DEC8E00478B1B /* Info.plist */ = {isa = PBXFileReference; lastKnownFileType = text.plist.xml; path = Info.plist; sourceTree = "<group>"; };
/* End PBXFileReference section */

/* Begin PBXFrameworksBuildPhase section */
		04EEF3E41F8DEC8E00478B1B /* Frameworks */ = {
			isa = PBXFrameworksBuildPhase;
			buildActionMask = 2147483647;
			files = (
			);
			runOnlyForDeploymentPostprocessing = 0;
		};
		04EEF3F81F8DEC8E00478B1B /* Frameworks */ = {
			isa = PBXFrameworksBuildPhase;
			buildActionMask = 2147483647;
			files = (
			);
			runOnlyForDeploymentPostprocessing = 0;
		};
		04EEF4031F8DEC8E00478B1B /* Frameworks */ = {
			isa = PBXFrameworksBuildPhase;
			buildActionMask = 2147483647;
			files = (
			);
			runOnlyForDeploymentPostprocessing = 0;
		};
/* End PBXFrameworksBuildPhase section */

/* Begin PBXGroup section */
		04EEF3DE1F8DEC8E00478B1B = {
			isa = PBXGroup;
			children = (
				04EEF3E91F8DEC8E00478B1B /* browser */,
				04EEF3FE1F8DEC8E00478B1B /* browserTests */,
				04EEF4091F8DEC8E00478B1B /* browserUITests */,
				04EEF3E81F8DEC8E00478B1B /* Products */,
			);
			sourceTree = "<group>";
		};
		04EEF3E81F8DEC8E00478B1B /* Products */ = {
			isa = PBXGroup;
			children = (
				04EEF3E71F8DEC8E00478B1B /* browser.app */,
				04EEF3FB1F8DEC8E00478B1B /* browserTests.xctest */,
				04EEF4061F8DEC8E00478B1B /* browserUITests.xctest */,
			);
			name = Products;
			sourceTree = "<group>";
		};
		04EEF3E91F8DEC8E00478B1B /* browser */ = {
			isa = PBXGroup;
			children = (
				04EEF3EA1F8DEC8E00478B1B /* AppDelegate.swift */,
				04EEF3EC1F8DEC8E00478B1B /* ViewController.swift */,
				04EEF3EE1F8DEC8E00478B1B /* Main.storyboard */,
				04EEF3F11F8DEC8E00478B1B /* Assets.xcassets */,
				04EEF3F31F8DEC8E00478B1B /* LaunchScreen.storyboard */,
				04EEF3F61F8DEC8E00478B1B /* Info.plist */,
			);
			path = browser;
			sourceTree = "<group>";
		};
		04EEF3FE1F8DEC8E00478B1B /* browserTests */ = {
			isa = PBXGroup;
			children = (
				04EEF3FF1F8DEC8E00478B1B /* browserTests.swift */,
				04EEF4011F8DEC8E00478B1B /* Info.plist */,
			);
			path = browserTests;
			sourceTree = "<group>";
		};
		04EEF4091F8DEC8E00478B1B /* browserUITests */ = {
			isa = PBXGroup;
			children = (
				04EEF40A1F8DEC8E00478B1B /* browserUITests.swift */,
				04EEF40C1F8DEC8E00478B1B /* Info.plist */,
			);
			path = browserUITests;
			sourceTree = "<group>";
		};
/* End PBXGroup section */

/* Begin PBXNativeTarget section */
		04EEF3E61F8DEC8E00478B1B /* browser */ = {
			isa = PBXNativeTarget;
			buildConfigurationList = 04EEF40F1F8DEC8E00478B1B /* Build configuration list for PBXNativeTarget "browser" */;
			buildPhases = (
				04EEF3E31F8DEC8E00478B1B /* Sources */,
				04EEF3E41F8DEC8E00478B1B /* Frameworks */,
				04EEF3E51F8DEC8E00478B1B /* Resources */,
			);
			buildRules = (
			);
			dependencies = (
			);
			name = browser;
			productName = browser;
			productReference = 04EEF3E71F8DEC8E00478B1B /* browser.app */;
			productType = "com.apple.product-type.application";
		};
		04EEF3FA1F8DEC8E00478B1B /* browserTests */ = {
			isa = PBXNativeTarget;
			buildConfigurationList = 04EEF4121F8DEC8E00478B1B /* Build configuration list for PBXNativeTarget "browserTests" */;
			buildPhases = (
				04EEF3F71F8DEC8E00478B1B /* Sources */,
				04EEF3F81F8DEC8E00478B1B /* Frameworks */,
				04EEF3F91F8DEC8E00478B1B /* Resources */,
			);
			buildRules = (
			);
			dependencies = (
				04EEF3FD1F8DEC8E00478B1B /* PBXTargetDependency */,
			);
			name = browserTests;
			productName = browserTests;
			productReference = 04EEF3FB1F8DEC8E00478B1B /* browserTests.xctest */;
			productType = "com.apple.product-type.bundle.unit-test";
		};
		04EEF4051F8DEC8E00478B1B /* browserUITests */ = {
			isa = PBXNativeTarget;
			buildConfigurationList = 04EEF4151F8DEC8E00478B1B /* Build configuration list for PBXNativeTarget "browserUITests" */;
			buildPhases = (
				04EEF4021F8DEC8E00478B1B /* Sources */,
				04EEF4031F8DEC8E00478B1B /* Frameworks */,
				04EEF4041F8DEC8E00478B1B /* Resources */,
			);
			buildRules = (
			);
			dependencies = (
				04EEF4081F8DEC8E00478B1B /* PBXTargetDependency */,
			);
			name = browserUITests;
			productName = browserUITests;
			productReference = 04EEF4061F8DEC8E00478B1B /* browserUITests.xctest */;
			productType = "com.apple.product-type.bundle.ui-testing";
		};
/* End PBXNativeTarget section */

/* Begin PBXProject section */
		04EEF3DF1F8DEC8E00478B1B /* Project object */ = {
			isa = PBXProject;
			attributes = {
				LastSwiftUpdateCheck = 0830;
				LastUpgradeCheck = 0830;
				ORGANIZATIONNAME = Kugim;
				TargetAttributes = {
					04EEF3E61F8DEC8E00478B1B = {
						CreatedOnToolsVersion = 8.3.3;
						ProvisioningStyle = Automatic;
					};
					04EEF3FA1F8DEC8E00478B1B = {
						CreatedOnToolsVersion = 8.3.3;
						ProvisioningStyle = Automatic;
						TestTargetID = 04EEF3E61F8DEC8E00478B1B;
					};
					04EEF4051F8DEC8E00478B1B = {
						CreatedOnToolsVersion = 8.3.3;
						ProvisioningStyle = Automatic;
						TestTargetID = 04EEF3E61F8DEC8E00478B1B;
					};
				};
			};
			buildConfigurationList = 04EEF3E21F8DEC8E00478B1B /* Build configuration list for PBXProject "browser" */;
			compatibilityVersion = "Xcode 3.2";
			developmentRegion = English;
			hasScannedForEncodings = 0;
			knownRegions = (
				en,
				Base,
			);
			mainGroup = 04EEF3DE1F8DEC8E00478B1B;
			productRefGroup = 04EEF3E81F8DEC8E00478B1B /* Products */;
			projectDirPath = "";
			projectRoot = "";
			targets = (
				04EEF3E61F8DEC8E00478B1B /* browser */,
				04EEF3FA1F8DEC8E00478B1B /* browserTests */,
				04EEF4051F8DEC8E00478B1B /* browserUITests */,
			);
		};
/* End PBXProject section */

/* Begin PBXResourcesBuildPhase section */
		04EEF3E51F8DEC8E00478B1B /* Resources */ = {
			isa = PBXResourcesBuildPhase;
			buildActionMask = 2147483647;
			files = (
				04EEF3F51F8DEC8E00478B1B /* LaunchScreen.storyboard in Resources */,
				04EEF3F21F8DEC8E00478B1B /* Assets.xcassets in Resources */,
				04EEF3F01F8DEC8E00478B1B /* Main.storyboard in Resources */,
			);
			runOnlyForDeploymentPostprocessing = 0;
		};
		04EEF3F91F8DEC8E00478B1B /* Resources */ = {
			isa = PBXResourcesBuildPhase;
			buildActionMask = 2147483647;
			files = (
			);
			runOnlyForDeploymentPostprocessing = 0;
		};
		04EEF4041F8DEC8E00478B1B /* Resources */ = {
			isa = PBXResourcesBuildPhase;
			buildActionMask = 2147483647;
			files = (
			);
			runOnlyForDeploymentPostprocessing = 0;
		};
/* End PBXResourcesBuildPhase section */

/* Begin PBXSourcesBuildPhase section */
		04EEF3E31F8DEC8E00478B1B /* Sources */ = {
			isa = PBXSourcesBuildPhase;
			buildActionMask = 2147483647;
			files = (
				04EEF3ED1F8DEC8E00478B1B /* ViewController.swift in Sources */,
				04EEF3EB1F8DEC8E00478B1B /* AppDelegate.swift in Sources */,
			);
			runOnlyForDeploymentPostprocessing = 0;
		};
		04EEF3F71F8DEC8E00478B1B /* Sources */ = {
			isa = PBXSourcesBuildPhase;
			buildActionMask = 2147483647;
			files = (
				04EEF4001F8DEC8E00478B1B /* browserTests.swift in Sources */,
			);
			runOnlyForDeploymentPostprocessing = 0;
		};
		04EEF4021F8DEC8E00478B1B /* Sources */ = {
			isa = PBXSourcesBuildPhase;
			buildActionMask = 2147483647;
			files = (
				04EEF40B1F8DEC8E00478B1B /* browserUITests.swift in Sources */,
			);
			runOnlyForDeploymentPostprocessing = 0;
		};
/* End PBXSourcesBuildPhase section */

/* Begin PBXTargetDependency section */
		04EEF3FD1F8DEC8E00478B1B /* PBXTargetDependency */ = {
			isa = PBXTargetDependency;
			target = 04EEF3E61F8DEC8E00478B1B /* browser */;
			targetProxy = 04EEF3FC1F8DEC8E00478B1B /* PBXContainerItemProxy */;
		};
		04EEF4081F8DEC8E00478B1B /* PBXTargetDependency */ = {
			isa = PBXTargetDependency;
			target = 04EEF3E61F8DEC8E00478B1B /* browser */;
			targetProxy = 04EEF4071F8DEC8E00478B1B /* PBXContainerItemProxy */;
		};
/* End PBXTargetDependency section */

/* Begin PBXVariantGroup section */
		04EEF3EE1F8DEC8E00478B1B /* Main.storyboard */ = {
			isa = PBXVariantGroup;
			children = (
				04EEF3EF1F8DEC8E00478B1B /* Base */,
			);
			name = Main.storyboard;
			sourceTree = "<group>";
		};
		04EEF3F31F8DEC8E00478B1B /* LaunchScreen.storyboard */ = {
			isa = PBXVariantGroup;
			children = (
				04EEF3F41F8DEC8E00478B1B /* Base */,
			);
			name = LaunchScreen.storyboard;
			sourceTree = "<group>";
		};
/* End PBXVariantGroup section */

/* Begin XCBuildConfiguration section */
		04EEF40D1F8DEC8E00478B1B /* Debug */ = {
			isa = XCBuildConfiguration;
			buildSettings = {
				ALWAYS_SEARCH_USER_PATHS = NO;
				CLANG_ANALYZER_NONNULL = YES;
				CLANG_ANALYZER_NUMBER_OBJECT_CONVERSION = YES_AGGRESSIVE;
				CLANG_CXX_LANGUAGE_STANDARD = "gnu++0x";
				CLANG_CXX_LIBRARY = "libc++";
				CLANG_ENABLE_MODULES = YES;
				CLANG_ENABLE_OBJC_ARC = YES;
				CLANG_WARN_BOOL_CONVERSION = YES;
				CLANG_WARN_CONSTANT_CONVERSION = YES;
				CLANG_WARN_DIRECT_OBJC_ISA_USAGE = YES_ERROR;
				CLANG_WARN_DOCUMENTATION_COMMENTS = YES;
				CLANG_WARN_EMPTY_BODY = YES;
				CLANG_WARN_ENUM_CONVERSION = YES;
				CLANG_WARN_INFINITE_RECURSION = YES;
				CLANG_WARN_INT_CONVERSION = YES;
				CLANG_WARN_OBJC_ROOT_CLASS = YES_ERROR;
				CLANG_WARN_SUSPICIOUS_MOVE = YES;
				CLANG_WARN_UNREACHABLE_CODE = YES;
				CLANG_WARN__DUPLICATE_METHOD_MATCH = YES;
				"CODE_SIGN_IDENTITY[sdk=iphoneos*]" = "iPhone Developer";
				COPY_PHASE_STRIP = NO;
				DEBUG_INFORMATION_FORMAT = dwarf;
				ENABLE_STRICT_OBJC_MSGSEND = YES;
				ENABLE_TESTABILITY = YES;
				GCC_C_LANGUAGE_STANDARD = gnu99;
				GCC_DYNAMIC_NO_PIC = NO;
				GCC_NO_COMMON_BLOCKS = YES;
				GCC_OPTIMIZATION_LEVEL = 0;
				GCC_PREPROCESSOR_DEFINITIONS = (
					"DEBUG=1",
					"$(inherited)",
				);
				GCC_WARN_64_TO_32_BIT_CONVERSION = YES;
				GCC_WARN_ABOUT_RETURN_TYPE = YES_ERROR;
				GCC_WARN_UNDECLARED_SELECTOR = YES;
				GCC_WARN_UNINITIALIZED_AUTOS = YES_AGGRESSIVE;
				GCC_WARN_UNUSED_FUNCTION = YES;
				GCC_WARN_UNUSED_VARIABLE = YES;
				IPHONEOS_DEPLOYMENT_TARGET = 10.3;
				MTL_ENABLE_DEBUG_INFO = YES;
				ONLY_ACTIVE_ARCH = YES;
				SDKROOT = iphoneos;
				SWIFT_ACTIVE_COMPILATION_CONDITIONS = DEBUG;
				SWIFT_OPTIMIZATION_LEVEL = "-Onone";
				TARGETED_DEVICE_FAMILY = "1,2";
			};
			name = Debug;
		};
		04EEF40E1F8DEC8E00478B1B /* Release */ = {
			isa = XCBuildConfiguration;
			buildSettings = {
				ALWAYS_SEARCH_USER_PATHS = NO;
				CLANG_ANALYZER_NONNULL = YES;
				CLANG_ANALYZER_NUMBER_OBJECT_CONVERSION = YES_AGGRESSIVE;
				CLANG_CXX_LANGUAGE_STANDARD = "gnu++0x";
				CLANG_CXX_LIBRARY = "libc++";
				CLANG_ENABLE_MODULES = YES;
				CLANG_ENABLE_OBJC_ARC = YES;
				CLANG_WARN_BOOL_CONVERSION = YES;
				CLANG_WARN_CONSTANT_CONVERSION = YES;
				CLANG_WARN_DIRECT_OBJC_ISA_USAGE = YES_ERROR;
				CLANG_WARN_DOCUMENTATION_COMMENTS = YES;
				CLANG_WARN_EMPTY_BODY = YES;
				CLANG_WARN_ENUM_CONVERSION = YES;
				CLANG_WARN_INFINITE_RECURSION = YES;
				CLANG_WARN_INT_CONVERSION = YES;
				CLANG_WARN_OBJC_ROOT_CLASS = YES_ERROR;
				CLANG_WARN_SUSPICIOUS_MOVE = YES;
				CLANG_WARN_UNREACHABLE_CODE = YES;
				CLANG_WARN__DUPLICATE_METHOD_MATCH = YES;
				"CODE_SIGN_IDENTITY[sdk=iphoneos*]" = "iPhone Developer";
				COPY_PHASE_STRIP = NO;
				DEBUG_INFORMATION_FORMAT = "dwarf-with-dsym";
				ENABLE_NS_ASSERTIONS = NO;
				ENABLE_STRICT_OBJC_MSGSEND = YES;
				GCC_C_LANGUAGE_STANDARD = gnu99;
				GCC_NO_COMMON_BLOCKS = YES;
				GCC_WARN_64_TO_32_BIT_CONVERSION = YES;
				GCC_WARN_ABOUT_RETURN_TYPE = YES_ERROR;
				GCC_WARN_UNDECLARED_SELECTOR = YES;
				GCC_WARN_UNINITIALIZED_AUTOS = YES_AGGRESSIVE;
				GCC_WARN_UNUSED_FUNCTION = YES;
				GCC_WARN_UNUSED_VARIABLE = YES;
				IPHONEOS_DEPLOYMENT_TARGET = 10.3;
				MTL_ENABLE_DEBUG_INFO = NO;
				SDKROOT = iphoneos;
				SWIFT_OPTIMIZATION_LEVEL = "-Owholemodule";
				TARGETED_DEVICE_FAMILY = "1,2";
				VALIDATE_PRODUCT = YES;
			};
			name = Release;
		};
		04EEF4101F8DEC8E00478B1B /* Debug */ = {
			isa = XCBuildConfiguration;
			buildSettings = {
				ASSETCATALOG_COMPILER_APPICON_NAME = AppIcon;
				INFOPLIST_FILE = browser/Info.plist;
				LD_RUNPATH_SEARCH_PATHS = "$(inherited) @executable_path/Frameworks";
				PRODUCT_BUNDLE_IDENTIFIER = com.kugimIOS.browser;
				PRODUCT_NAME = "$(TARGET_NAME)";
				SWIFT_VERSION = 3.0;
			};
			name = Debug;
		};
		04EEF4111F8DEC8E00478B1B /* Release */ = {
			isa = XCBuildConfiguration;
			buildSettings = {
				ASSETCATALOG_COMPILER_APPICON_NAME = AppIcon;
				INFOPLIST_FILE = browser/Info.plist;
				LD_RUNPATH_SEARCH_PATHS = "$(inherited) @executable_path/Frameworks";
				PRODUCT_BUNDLE_IDENTIFIER = com.kugimIOS.browser;
				PRODUCT_NAME = "$(TARGET_NAME)";
				SWIFT_VERSION = 3.0;
			};
			name = Release;
		};
		04EEF4131F8DEC8E00478B1B /* Debug */ = {
			isa = XCBuildConfiguration;
			buildSettings = {
				ALWAYS_EMBED_SWIFT_STANDARD_LIBRARIES = YES;
				BUNDLE_LOADER = "$(TEST_HOST)";
				INFOPLIST_FILE = browserTests/Info.plist;
				LD_RUNPATH_SEARCH_PATHS = "$(inherited) @executable_path/Frameworks @loader_path/Frameworks";
				PRODUCT_BUNDLE_IDENTIFIER = com.kugimIOS.browserTests;
				PRODUCT_NAME = "$(TARGET_NAME)";
				SWIFT_VERSION = 3.0;
				TEST_HOST = "$(BUILT_PRODUCTS_DIR)/browser.app/browser";
			};
			name = Debug;
		};
		04EEF4141F8DEC8E00478B1B /* Release */ = {
			isa = XCBuildConfiguration;
			buildSettings = {
				ALWAYS_EMBED_SWIFT_STANDARD_LIBRARIES = YES;
				BUNDLE_LOADER = "$(TEST_HOST)";
				INFOPLIST_FILE = browserTests/Info.plist;
				LD_RUNPATH_SEARCH_PATHS = "$(inherited) @executable_path/Frameworks @loader_path/Frameworks";
				PRODUCT_BUNDLE_IDENTIFIER = com.kugimIOS.browserTests;
				PRODUCT_NAME = "$(TARGET_NAME)";
				SWIFT_VERSION = 3.0;
				TEST_HOST = "$(BUILT_PRODUCTS_DIR)/browser.app/browser";
			};
			name = Release;
		};
		04EEF4161F8DEC8E00478B1B /* Debug */ = {
			isa = XCBuildConfiguration;
			buildSettings = {
				ALWAYS_EMBED_SWIFT_STANDARD_LIBRARIES = YES;
				INFOPLIST_FILE = browserUITests/Info.plist;
				LD_RUNPATH_SEARCH_PATHS = "$(inherited) @executable_path/Frameworks @loader_path/Frameworks";
				PRODUCT_BUNDLE_IDENTIFIER = com.kugimIOS.browserUITests;
				PRODUCT_NAME = "$(TARGET_NAME)";
				SWIFT_VERSION = 3.0;
				TEST_TARGET_NAME = browser;
			};
			name = Debug;
		};
		04EEF4171F8DEC8E00478B1B /* Release */ = {
			isa = XCBuildConfiguration;
			buildSettings = {
				ALWAYS_EMBED_SWIFT_STANDARD_LIBRARIES = YES;
				INFOPLIST_FILE = browserUITests/Info.plist;
				LD_RUNPATH_SEARCH_PATHS = "$(inherited) @executable_path/Frameworks @loader_path/Frameworks";
				PRODUCT_BUNDLE_IDENTIFIER = com.kugimIOS.browserUITests;
				PRODUCT_NAME = "$(TARGET_NAME)";
				SWIFT_VERSION = 3.0;
				TEST_TARGET_NAME = browser;
			};
			name = Release;
		};
/* End XCBuildConfiguration section */

/* Begin XCConfigurationList section */
		04EEF3E21F8DEC8E00478B1B /* Build configuration list for PBXProject "browser" */ = {
			isa = XCConfigurationList;
			buildConfigurations = (
				04EEF40D1F8DEC8E00478B1B /* Debug */,
				04EEF40E1F8DEC8E00478B1B /* Release */,
			);
			defaultConfigurationIsVisible = 0;
			defaultConfigurationName = Release;
		};
		04EEF40F1F8DEC8E00478B1B /* Build configuration list for PBXNativeTarget "browser" */ = {
			isa = XCConfigurationList;
			buildConfigurations = (
				04EEF4101F8DEC8E00478B1B /* Debug */,
				04EEF4111F8DEC8E00478B1B /* Release */,
			);
			defaultConfigurationIsVisible = 0;
		};
		04EEF4121F8DEC8E00478B1B /* Build configuration list for PBXNativeTarget "browserTests" */ = {
			isa = XCConfigurationList;
			buildConfigurations = (
				04EEF4131F8DEC8E00478B1B /* Debug */,
				04EEF4141F8DEC8E00478B1B /* Release */,
			);
			defaultConfigurationIsVisible = 0;
		};
		04EEF4151F8DEC8E00478B1B /* Build configuration list for PBXNativeTarget "browserUITests" */ = {
			isa = XCConfigurationList;
			buildConfigurations = (
				04EEF4161F8DEC8E00478B1B /* Debug */,
				04EEF4171F8DEC8E00478B1B /* Release */,
			);
			defaultConfigurationIsVisible = 0;
		};
/* End XCConfigurationList section */
	};
	rootObject = 04EEF3DF1F8DEC8E00478B1B /* Project object */;
}
